
Microsoft Visual Studio Solution File, Format Version 12.00
# Visual Studio Version 16
VisualStudioVersion = 16.0.31129.286
MinimumVisualStudioVersion = 10.0.40219.1
Project("{FAE04EC0-301F-11D3-BF4B-00C04F79EFBC}") = "Gerenciamento_de_produtos", "Gerenciamento_de_produtos\Gerenciamento_de_produtos.csproj", "{3284D359-A5B7-41EE-8A2F-03B7EBD4CA34}"
EndProject
Global
	GlobalSection(SolutionConfigurationPlatforms) = preSolution
		Debug|Any CPU = Debug|Any CPU
		Release|Any CPU = Release|Any CPU
	EndGlobalSection
	GlobalSection(ProjectConfigurationPlatforms) = postSolution
		{3284D359-A5B7-41EE-8A2F-03B7EBD4CA34}.Debug|Any CPU.ActiveCfg = Debug|Any CPU
		{3284D359-A5B7-41EE-8A2F-03B7EBD4CA34}.Debug|Any CPU.Build.0 = Debug|Any CPU
		{3284D359-A5B7-41EE-8A2F-03B7EBD4CA34}.Release|Any CPU.ActiveCfg = Release|Any CPU
		{3284D359-A5B7-41EE-8A2F-03B7EBD4CA34}.Release|Any CPU.Build.0 = Release|Any CPU
	EndGlobalSection
	GlobalSection(SolutionProperties) = preSolution
		HideSolutionNode = FALSE
	EndGlobalSection
	GlobalSection(ExtensibilityGlobals) = postSolution
		SolutionGuid = {F55B46A6-9D63-4FD4-97D4-DFB8DA256B41}
	EndGlobalSection
EndGlobal
